<?xml version="1.0" encoding="utf-8"?>
<Project ToolsVersion="4.0" xmlns="http://schemas.microsoft.com/developer/msbuild/2003">
  <ItemGroup>
    <Filter Include="KamataEngine">
      <UniqueIdentifier>{4FC737F1-C7A5-4376-A066-2A32D752A2FF}</UniqueIdentifier>
      <Extensions>cpp;c;cc;cxx;c++;cppm;ixx;def;odl;idl;hpj;bat;asm;asmx</Extensions>
    </Filter>
    <Filter Include="KamataEngine\Source">
      <UniqueIdentifier>{d966e9f8-e880-44ae-8586-a08515e4cffc}</UniqueIdentifier>
    </Filter>
    <Filter Include="KamataEngine\Include">
      <UniqueIdentifier>{4aae4e40-94f7-4d32-9a91-c0c37a2edf0d}</UniqueIdentifier>
    </Filter>
    <Filter Include="KamataEngine\Adapter">
      <UniqueIdentifier>{c6468eb4-788b-4a83-b207-a5f4804e56c5}</UniqueIdentifier>
    </Filter>
    <Filter Include="KamataEngine\ヘッダーファイル">
      <UniqueIdentifier>{01de7431-7eb4-4076-9b56-073536d581ca}</UniqueIdentifier>
    </Filter>
    <Filter Include="KamataEngine\ソースファイル">
      <UniqueIdentifier>{c3c89ea0-853b-4c8e-8679-e3ba0364ccfd}</UniqueIdentifier>
    </Filter>
    <Filter Include="KamataEngine\ヘッダーファイル\Player">
      <UniqueIdentifier>{2e63022f-5cbf-48ab-a8d9-a539b792c5d1}</UniqueIdentifier>
    </Filter>
    <Filter Include="KamataEngine\ヘッダーファイル\Scene">
      <UniqueIdentifier>{e4b98053-08a3-4df4-8b80-bb4d727f3e2e}</UniqueIdentifier>
    </Filter>
    <Filter Include="KamataEngine\ソースファイル\Scene">
      <UniqueIdentifier>{5bb3d0f3-15c6-4ab7-9f4d-f4bb35a13fda}</UniqueIdentifier>
    </Filter>
    <Filter Include="KamataEngine\ソースファイル\Player">
      <UniqueIdentifier>{f66126ff-9a5e-40d5-b0f4-d6f549cab2d6}</UniqueIdentifier>
    </Filter>
    <Filter Include="KamataEngine\ヘッダーファイル\Enemy">
      <UniqueIdentifier>{6185ba2b-5f99-44db-b4ca-f8161fe4ba7b}</UniqueIdentifier>
    </Filter>
    <Filter Include="KamataEngine\ソースファイル\Command">
      <UniqueIdentifier>{9d7c9e08-5bbb-4fcb-b308-c9cbeda97f17}</UniqueIdentifier>
    </Filter>
    <Filter Include="KamataEngine\ヘッダーファイル\Command">
      <UniqueIdentifier>{b6c79fe3-182e-4021-8526-7073a5b57f12}</UniqueIdentifier>
    </Filter>
    <Filter Include="KamataEngine\ヘッダーファイル\System">
      <UniqueIdentifier>{b64ee715-515a-482d-800d-caea8e16c2d7}</UniqueIdentifier>
    </Filter>
    <Filter Include="KamataEngine\ソースファイル\System">
      <UniqueIdentifier>{1554f909-d7c7-4a40-9b43-8339b87411e1}</UniqueIdentifier>
    </Filter>
    <Filter Include="KamataEngine\ソースファイル\Enemy">
      <UniqueIdentifier>{219f6009-8101-4dce-8c86-5951f1995c42}</UniqueIdentifier>
    </Filter>
  </ItemGroup>
  <ItemGroup>
    <ClCompile Include="C:\KamataEngine\DirectXGame\base\DirectXCommon.cpp">
      <Filter>KamataEngine\Source</Filter>
    </ClCompile>
    <ClCompile Include="C:\KamataEngine\DirectXGame\base\TextureManager.cpp">
      <Filter>KamataEngine\Source</Filter>
    </ClCompile>
    <ClCompile Include="C:\KamataEngine\DirectXGame\scene\GameScene.cpp">
      <Filter>KamataEngine\Source</Filter>
    </ClCompile>
    <ClCompile Include="C:\KamataEngine\DirectXGame\base\WinApp.cpp">
      <Filter>KamataEngine\Source</Filter>
    </ClCompile>
    <ClCompile Include="main.cpp" />
    <ClCompile Include="C:\KamataEngine\Adapter\Novice.cpp">
      <Filter>KamataEngine\Adapter</Filter>
    </ClCompile>
    <ClCompile Include="C:\KamataEngine\DirectXGame\2d\ImGuiManager.cpp">
      <Filter>KamataEngine</Filter>
    </ClCompile>
    <ClCompile Include="C:\KamataEngine\DirectXGame\base\StringUtility.cpp">
      <Filter>KamataEngine\Source</Filter>
    </ClCompile>
    <ClCompile Include="IScene.cpp">
      <Filter>KamataEngine\ソースファイル\Scene</Filter>
    </ClCompile>
    <ClCompile Include="TitleScene.cpp">
      <Filter>KamataEngine\ソースファイル\Scene</Filter>
    </ClCompile>
    <ClCompile Include="StageScene.cpp">
      <Filter>KamataEngine\ソースファイル\Scene</Filter>
    </ClCompile>
    <ClCompile Include="ClearScene.cpp">
      <Filter>KamataEngine\ソースファイル\Scene</Filter>
    </ClCompile>
    <ClCompile Include="Player.cpp">
      <Filter>KamataEngine\ソースファイル\Player</Filter>
    </ClCompile>
    <ClCompile Include="PlayerBullet.cpp">
      <Filter>KamataEngine\ソースファイル\Player</Filter>
    </ClCompile>
    <ClCompile Include="ICommand.cpp">
      <Filter>KamataEngine\ソースファイル\Command</Filter>
    </ClCompile>
    <ClCompile Include="InputHandler.cpp">
      <Filter>KamataEngine\ソースファイル\Command</Filter>
    </ClCompile>
    <ClCompile Include="GameManager.cpp">
      <Filter>KamataEngine\ソースファイル\System</Filter>
    </ClCompile>
    <ClCompile Include="InputKey.cpp">
      <Filter>KamataEngine\ソースファイル\System</Filter>
    </ClCompile>
    <ClCompile Include="Collider.cpp">
      <Filter>KamataEngine\ソースファイル\System</Filter>
    </ClCompile>
    <ClCompile Include="Enemy.cpp">
      <Filter>KamataEngine\ソースファイル\Enemy</Filter>
    </ClCompile>
    <ClCompile Include="EnemyState.cpp">
      <Filter>KamataEngine\ソースファイル\Enemy</Filter>
    </ClCompile>
  </ItemGroup>
  <ItemGroup>
    <ClInclude Include="C:\KamataEngine\DirectXGame\audio\Audio.h">
      <Filter>KamataEngine\Include</Filter>
    </ClInclude>
    <ClInclude Include="C:\KamataEngine\DirectXGame\2d\DebugText.h">
      <Filter>KamataEngine\Include</Filter>
    </ClInclude>
    <ClInclude Include="C:\KamataEngine\DirectXGame\base\DirectXCommon.h">
      <Filter>KamataEngine\Include</Filter>
    </ClInclude>
    <ClInclude Include="C:\KamataEngine\DirectXGame\scene\GameScene.h">
      <Filter>KamataEngine\Include</Filter>
    </ClInclude>
    <ClInclude Include="C:\KamataEngine\DirectXGame\input\Input.h">
      <Filter>KamataEngine\Include</Filter>
    </ClInclude>
    <ClInclude Include="C:\KamataEngine\DirectXGame\3d\Model.h">
      <Filter>KamataEngine\Include</Filter>
    </ClInclude>
    <ClInclude Include="C:\KamataEngine\DirectXGame\base\SafeDelete.h">
      <Filter>KamataEngine\Include</Filter>
    </ClInclude>
    <ClInclude Include="C:\KamataEngine\DirectXGame\2d\Sprite.h">
      <Filter>KamataEngine\Include</Filter>
    </ClInclude>
    <ClInclude Include="C:\KamataEngine\DirectXGame\base\TextureManager.h">
      <Filter>KamataEngine\Include</Filter>
    </ClInclude>
    <ClInclude Include="C:\KamataEngine\DirectXGame\3d\ViewProjection.h">
      <Filter>KamataEngine\Include</Filter>
    </ClInclude>
    <ClInclude Include="C:\KamataEngine\DirectXGame\base\WinApp.h">
      <Filter>KamataEngine\Include</Filter>
    </ClInclude>
    <ClInclude Include="C:\KamataEngine\DirectXGame\3d\WorldTransform.h">
      <Filter>KamataEngine\Include</Filter>
    </ClInclude>
    <ClInclude Include="C:\KamataEngine\Adapter\Novice.h">
      <Filter>KamataEngine\Adapter</Filter>
    </ClInclude>
    <ClInclude Include="C:\KamataEngine\DirectXGame\3d\CircleShadow.h">
      <Filter>KamataEngine\Include</Filter>
    </ClInclude>
    <ClInclude Include="C:\KamataEngine\DirectXGame\3d\DebugCamera.h">
      <Filter>KamataEngine\Include</Filter>
    </ClInclude>
    <ClInclude Include="C:\KamataEngine\DirectXGame\3d\DirectionalLight.h">
      <Filter>KamataEngine\Include</Filter>
    </ClInclude>
    <ClInclude Include="C:\KamataEngine\DirectXGame\3d\LightGroup.h">
      <Filter>KamataEngine\Include</Filter>
    </ClInclude>
    <ClInclude Include="C:\KamataEngine\DirectXGame\3d\Material.h">
      <Filter>KamataEngine\Include</Filter>
    </ClInclude>
    <ClInclude Include="C:\KamataEngine\DirectXGame\3d\Mesh.h">
      <Filter>KamataEngine\Include</Filter>
    </ClInclude>
    <ClInclude Include="C:\KamataEngine\DirectXGame\3d\PointLight.h">
      <Filter>KamataEngine\Include</Filter>
    </ClInclude>
    <ClInclude Include="C:\KamataEngine\DirectXGame\3d\SpotLight.h">
      <Filter>KamataEngine\Include</Filter>
    </ClInclude>
    <ClInclude Include="C:\KamataEngine\DirectXGame\math\Matrix4x4.h" />
    <ClInclude Include="C:\KamataEngine\DirectXGame\math\Vector2.h" />
    <ClInclude Include="C:\KamataEngine\DirectXGame\math\Vector3.h" />
    <ClInclude Include="C:\KamataEngine\DirectXGame\math\Vector4.h" />
    <ClInclude Include="C:\KamataEngine\DirectXGame\2d\ImGuiManager.h" />
    <ClInclude Include="C:\KamataEngine\DirectXGame\base\StringUtility.h">
      <Filter>KamataEngine\Include</Filter>
    </ClInclude>
    <ClInclude Include="TitleScene.h">
      <Filter>KamataEngine\ヘッダーファイル\Scene</Filter>
    </ClInclude>
    <ClInclude Include="IScene.h">
      <Filter>KamataEngine\ヘッダーファイル\Scene</Filter>
    </ClInclude>
    <ClInclude Include="StageScene.h">
      <Filter>KamataEngine\ヘッダーファイル\Scene</Filter>
    </ClInclude>
    <ClInclude Include="ClearScene.h">
      <Filter>KamataEngine\ヘッダーファイル\Scene</Filter>
    </ClInclude>
    <ClInclude Include="Player.h">
      <Filter>KamataEngine\ヘッダーファイル\Player</Filter>
    </ClInclude>
    <ClInclude Include="PlayerBullet.h">
      <Filter>KamataEngine\ヘッダーファイル\Player</Filter>
    </ClInclude>
    <ClInclude Include="EnemyState.h">
      <Filter>KamataEngine\ヘッダーファイル\Enemy</Filter>
    </ClInclude>
    <ClInclude Include="Enemy.h">
      <Filter>KamataEngine\ヘッダーファイル\Enemy</Filter>
    </ClInclude>
    <ClInclude Include="ICommand.h">
      <Filter>KamataEngine\ヘッダーファイル\Command</Filter>
    </ClInclude>
    <ClInclude Include="InputHandler.h">
      <Filter>KamataEngine\ヘッダーファイル\Command</Filter>
    </ClInclude>
    <ClInclude Include="InputKey.h">
      <Filter>KamataEngine\ヘッダーファイル\System</Filter>
    </ClInclude>
    <ClInclude Include="GameManager.h">
      <Filter>KamataEngine\ヘッダーファイル\System</Filter>
    </ClInclude>
    <ClInclude Include="Collider.h">
      <Filter>KamataEngine\ヘッダーファイル\System</Filter>
    </ClInclude>
  </ItemGroup>
</Project>